
Microsoft Visual Studio Solution File, Format Version 12.00
Project("{FAE04EC0-301F-11D3-BF4B-00C04F79EFBC}") = "UserServiceTests", "UserServiceTests\UserServiceTests.csproj", "{4CB00A40-8652-4AB9-A595-A5F47EED2E47}"
EndProject
Project("{FAE04EC0-301F-11D3-BF4B-00C04F79EFBC}") = "UserService", "UserService\UserService.csproj", "{207C5BA5-ECB5-4152-A0A5-06A03B0BE987}"
EndProject
Global
	GlobalSection(SolutionConfigurationPlatforms) = preSolution
		Debug|Any CPU = Debug|Any CPU
		Release|Any CPU = Release|Any CPU
	EndGlobalSection
	GlobalSection(ProjectConfigurationPlatforms) = postSolution
		{4CB00A40-8652-4AB9-A595-A5F47EED2E47}.Debug|Any CPU.ActiveCfg = Debug|Any CPU
		{4CB00A40-8652-4AB9-A595-A5F47EED2E47}.Debug|Any CPU.Build.0 = Debug|Any CPU
		{4CB00A40-8652-4AB9-A595-A5F47EED2E47}.Release|Any CPU.ActiveCfg = Release|Any CPU
		{4CB00A40-8652-4AB9-A595-A5F47EED2E47}.Release|Any CPU.Build.0 = Release|Any CPU
		{207C5BA5-ECB5-4152-A0A5-06A03B0BE987}.Debug|Any CPU.ActiveCfg = Debug|Any CPU
		{207C5BA5-ECB5-4152-A0A5-06A03B0BE987}.Debug|Any CPU.Build.0 = Debug|Any CPU
		{207C5BA5-ECB5-4152-A0A5-06A03B0BE987}.Release|Any CPU.ActiveCfg = Release|Any CPU
		{207C5BA5-ECB5-4152-A0A5-06A03B0BE987}.Release|Any CPU.Build.0 = Release|Any CPU
	EndGlobalSection
EndGlobal
